// !$*UTF8*$!
{
	archiveVersion = 1;
	classes = {
	};
	objectVersion = 56;
	objects = {

/* Begin PBXBuildFile section */
		0543D60F6CD845828BD989A3 /* TerminalViewModel.swift in Sources */ = {
			isa = PBXBuildFile;
			fileRef = 1B11EECE49BF41209234CFB6 /* TerminalViewModel.swift */;
		};
		0D6B0F61368D4446ABA7A474 /* GitModels.swift in Sources */ = {
			isa = PBXBuildFile;
			fileRef = 0E032D7B113E43278924DCC0 /* GitModels.swift */;
		};
		1128364B746645739F1E01F5 /* PlansService.swift in Sources */ = {
			isa = PBXBuildFile;
			fileRef = 52B58DE349214E36A27FDBD4 /* PlansService.swift */;
		};
		2357C205963B4D66BF2542A3 /* AuthService.swift in Sources */ = {
			isa = PBXBuildFile;
			fileRef = 4A7075AC7BE44315B1CA4B06 /* AuthService.swift */;
		};
		2CA97C0F6CD046469C3EB282 /* AgentrixApp.swift in Sources */ = {
			isa = PBXBuildFile;
			fileRef = AF791275C8D44ACF9BD967F2 /* AgentrixApp.swift */;
		};
		321B682AF8D64027851A1CA5 /* Assets.xcassets in Resources */ = {
			isa = PBXBuildFile;
			fileRef = 35ECBD6C0A95431AA56A7821 /* Assets.xcassets */;
		};
		3347E42891204E69A0994A0E /* RepositoriesView.swift in Sources */ = {
			isa = PBXBuildFile;
			fileRef = 8482A2ADBBC24D16BE5D1930 /* RepositoriesView.swift */;
		};
		3428B9FEF55C4958B46BA1D6 /* PlanModels.swift in Sources */ = {
			isa = PBXBuildFile;
			fileRef = 54AF6EF891104087A698DD28 /* PlanModels.swift */;
		};
		35B3C433A83E467A9A8898B1 /* ErrorTypes.swift in Sources */ = {
			isa = PBXBuildFile;
			fileRef = 62AFCB583B01490991396582 /* ErrorTypes.swift */;
		};
		4752F2A592944CEE943E4F1A /* RepositoriesViewModel.swift in Sources */ = {
			isa = PBXBuildFile;
			fileRef = 86441AFE05414D43802EF5C4 /* RepositoriesViewModel.swift */;
		};
		4953E6AEE0DC45F6B21D40D7 /* AuthView.swift in Sources */ = {
			isa = PBXBuildFile;
			fileRef = 6DD2739DD2E6462598DF58F6 /* AuthView.swift */;
		};
		4BEB917287124AE2A80B92FD /* TaskModels.swift in Sources */ = {
			isa = PBXBuildFile;
			fileRef = A45F018AD786460784B83E87 /* TaskModels.swift */;
		};
		580610920E8F4A599C171A2F /* DashboardModels.swift in Sources */ = {
			isa = PBXBuildFile;
			fileRef = 6BBB6BD3E14F435199D86620 /* DashboardModels.swift */;
		};
		5DA73DE80092435E8432579C /* GitService.swift in Sources */ = {
			isa = PBXBuildFile;
			fileRef = 1D6F876D8CD84A47A9BB2F38 /* GitService.swift */;
		};
		6155C141CD8C4B838EE1B044 /* EventStreamService.swift in Sources */ = {
			isa = PBXBuildFile;
			fileRef = 3831CBF2241A410D8F96CEF7 /* EventStreamService.swift */;
		};
		64A82C19A49A49D98D6E9ED3 /* AppSettings.swift in Sources */ = {
			isa = PBXBuildFile;
			fileRef = 70BD2CE761B44BD0B594640C /* AppSettings.swift */;
		};
		68A4F4A0D6334164A7BADE0B /* RepositoriesService.swift in Sources */ = {
			isa = PBXBuildFile;
			fileRef = 1B6587445EE44CCE86A398F6 /* RepositoriesService.swift */;
		};
		6EE93078E6DB47439B80DB01 /* PortsModels.swift in Sources */ = {
			isa = PBXBuildFile;
			fileRef = 3DC689D0DB834509B6368559 /* PortsModels.swift */;
		};
		74F4C51C546B47D68DBBBEC0 /* TerminalView.swift in Sources */ = {
			isa = PBXBuildFile;
			fileRef = 19DCAE74256B4032B637318C /* TerminalView.swift */;
		};
		7A0132F58C144C1BBE16E1E4 /* RepoDashboardView.swift in Sources */ = {
			isa = PBXBuildFile;
			fileRef = 96253B8255954FB8B8461D59 /* RepoDashboardView.swift */;
		};
		86C9A0169A1F47D7A9D9D81B /* TasksView.swift in Sources */ = {
			isa = PBXBuildFile;
			fileRef = 6E31FD12627142198CC95D6C /* TasksView.swift */;
		};
		8A64044875E244DBA93F56D6 /* PortsView.swift in Sources */ = {
			isa = PBXBuildFile;
			fileRef = D5F6CDDB4FD941C4A7CEE8E7 /* PortsView.swift */;
		};
		8CD2E29D47DE442C9EDE6CB5 /* TasksService.swift in Sources */ = {
			isa = PBXBuildFile;
			fileRef = B7C06CAD3D5946E185FB744D /* TasksService.swift */;
		};
		9626A4A95AEC4E78BC0817AD /* GitStatusView.swift in Sources */ = {
			isa = PBXBuildFile;
			fileRef = B7F771DD0C3049E99A574176 /* GitStatusView.swift */;
		};
		A18AECCF13684E6D8034247E /* DashboardService.swift in Sources */ = {
			isa = PBXBuildFile;
			fileRef = FEDA99F029504BCAB4ADF39B /* DashboardService.swift */;
		};
		A2BA7A2454294D629FB86BE8 /* AgentrixMobileTests.swift in Sources */ = {
			isa = PBXBuildFile;
			fileRef = C14681E5CA964955948713BB /* AgentrixMobileTests.swift */;
		};
		A3DD6894A7F04EE9BA6E0448 /* WorktreeViewModel.swift in Sources */ = {
			isa = PBXBuildFile;
			fileRef = D77D30A55CF64F94B67E09C4 /* WorktreeViewModel.swift */;
		};
		A791C9F0D4FA4F7586D20CEC /* MarkdownRenderer.swift in Sources */ = {
			isa = PBXBuildFile;
			fileRef = 42D8CB9A981F4CDDAF7F2E18 /* MarkdownRenderer.swift */;
		};
		AAECB3F416E94050A807356B /* TerminalModels.swift in Sources */ = {
			isa = PBXBuildFile;
			fileRef = 25AFC5973F4B45189C92CB83 /* TerminalModels.swift */;
		};
		AE6340CFE3014AA0A5BE8156 /* TerminalService.swift in Sources */ = {
			isa = PBXBuildFile;
			fileRef = 530A3844A91F4181B886D66A /* TerminalService.swift */;
		};
		BB39580AF26A4E64B844EEE2 /* PortsService.swift in Sources */ = {
			isa = PBXBuildFile;
			fileRef = 73403F03071342DE8B7F727E /* PortsService.swift */;
		};
		C9A2688B25794FF2904EACB7 /* WorktreesService.swift in Sources */ = {
			isa = PBXBuildFile;
			fileRef = 1318745A7CE040E3A18886DE /* WorktreesService.swift */;
		};
		CB590651EF06452680CC0242 /* AgentrixAPIClient.swift in Sources */ = {
			isa = PBXBuildFile;
			fileRef = 3B3E7EFA37E64E7491CA8AE3 /* AgentrixAPIClient.swift */;
		};
		CFD53956608047BA8CE1BB9F /* RepositoryModels.swift in Sources */ = {
			isa = PBXBuildFile;
			fileRef = 492AB077D16E4DB688058114 /* RepositoryModels.swift */;
		};
		D67637079B844659AF2BB0C0 /* PlansView.swift in Sources */ = {
			isa = PBXBuildFile;
			fileRef = 0DEAEFA6AC5F431DBB9BEFAF /* PlansView.swift */;
		};
		DD1415CFBA974B7DB289F046 /* AppCoordinator.swift in Sources */ = {
			isa = PBXBuildFile;
			fileRef = 78382F38837E40D591D38A02 /* AppCoordinator.swift */;
		};
		EF4D70F1E88E413AABABB092 /* EnvironmentConfig.swift in Sources */ = {
			isa = PBXBuildFile;
			fileRef = 46E5FC43D6804B4592181472 /* EnvironmentConfig.swift */;
		};
		FBEF21AC9852489993755A6C /* AgentrixMobileUITests.swift in Sources */ = {
			isa = PBXBuildFile;
			fileRef = CF33F33D6313415CA45ED046 /* AgentrixMobileUITests.swift */;
		};
		FD11D7D0290846FFBEDADD60 /* WorktreeDetailView.swift in Sources */ = {
			isa = PBXBuildFile;
			fileRef = B7489BEB5E754AF2837402A5 /* WorktreeDetailView.swift */;
		};
		FE2C0E14D75447F6A4F7FD9D /* AuthViewModel.swift in Sources */ = {
			isa = PBXBuildFile;
			fileRef = 3246D038942B4BFC859263CB /* AuthViewModel.swift */;
		};
/* End PBXBuildFile section */

/* Begin PBXContainerItemProxy section */
		3CA40857781D4221893B22DA = {
			isa = PBXContainerItemProxy;
			containerPortal = 8311A56504A041C08D290B7C /* Project object */;
			proxyType = 1;
			remoteGlobalIDString = D48BC5F754B14CD8970B786A;
			remoteInfo = AgentrixMobile;
		};
		3D10D2EC87634D0188DEBCB4 = {
			isa = PBXContainerItemProxy;
			containerPortal = 8311A56504A041C08D290B7C /* Project object */;
			proxyType = 1;
			remoteGlobalIDString = D48BC5F754B14CD8970B786A;
			remoteInfo = AgentrixMobile;
		};
/* End PBXContainerItemProxy section */

/* Begin PBXFileReference section */
		0DEAEFA6AC5F431DBB9BEFAF /* PlansView.swift */ = {
			isa = PBXFileReference;
			lastKnownFileType = sourcecode.swift;
			path = PlansView.swift;
			sourceTree = "<group>";
		};
		0E032D7B113E43278924DCC0 /* GitModels.swift */ = {
			isa = PBXFileReference;
			lastKnownFileType = sourcecode.swift;
			path = GitModels.swift;
			sourceTree = "<group>";
		};
		1318745A7CE040E3A18886DE /* WorktreesService.swift */ = {
			isa = PBXFileReference;
			lastKnownFileType = sourcecode.swift;
			path = WorktreesService.swift;
			sourceTree = "<group>";
		};
		19DCAE74256B4032B637318C /* TerminalView.swift */ = {
			isa = PBXFileReference;
			lastKnownFileType = sourcecode.swift;
			path = TerminalView.swift;
			sourceTree = "<group>";
		};
		1B11EECE49BF41209234CFB6 /* TerminalViewModel.swift */ = {
			isa = PBXFileReference;
			lastKnownFileType = sourcecode.swift;
			path = TerminalViewModel.swift;
			sourceTree = "<group>";
		};
		1B6587445EE44CCE86A398F6 /* RepositoriesService.swift */ = {
			isa = PBXFileReference;
			lastKnownFileType = sourcecode.swift;
			path = RepositoriesService.swift;
			sourceTree = "<group>";
		};
		1D6F876D8CD84A47A9BB2F38 /* GitService.swift */ = {
			isa = PBXFileReference;
			lastKnownFileType = sourcecode.swift;
			path = GitService.swift;
			sourceTree = "<group>";
		};
		25AFC5973F4B45189C92CB83 /* TerminalModels.swift */ = {
			isa = PBXFileReference;
			lastKnownFileType = sourcecode.swift;
			path = TerminalModels.swift;
			sourceTree = "<group>";
		};
		3246D038942B4BFC859263CB /* AuthViewModel.swift */ = {
			isa = PBXFileReference;
			lastKnownFileType = sourcecode.swift;
			path = AuthViewModel.swift;
			sourceTree = "<group>";
		};
		35ECBD6C0A95431AA56A7821 /* Assets.xcassets */ = {
			isa = PBXFileReference;
			lastKnownFileType = folder.assetcatalog;
			path = Assets.xcassets;
			sourceTree = "<group>";
		};
		3831CBF2241A410D8F96CEF7 /* EventStreamService.swift */ = {
			isa = PBXFileReference;
			lastKnownFileType = sourcecode.swift;
			path = EventStreamService.swift;
			sourceTree = "<group>";
		};
		3B3E7EFA37E64E7491CA8AE3 /* AgentrixAPIClient.swift */ = {
			isa = PBXFileReference;
			lastKnownFileType = sourcecode.swift;
			path = AgentrixAPIClient.swift;
			sourceTree = "<group>";
		};
		3DC689D0DB834509B6368559 /* PortsModels.swift */ = {
			isa = PBXFileReference;
			lastKnownFileType = sourcecode.swift;
			path = PortsModels.swift;
			sourceTree = "<group>";
		};
		42D8CB9A981F4CDDAF7F2E18 /* MarkdownRenderer.swift */ = {
			isa = PBXFileReference;
			lastKnownFileType = sourcecode.swift;
			path = MarkdownRenderer.swift;
			sourceTree = "<group>";
		};
		46E5FC43D6804B4592181472 /* EnvironmentConfig.swift */ = {
			isa = PBXFileReference;
			lastKnownFileType = sourcecode.swift;
			path = EnvironmentConfig.swift;
			sourceTree = "<group>";
		};
		492AB077D16E4DB688058114 /* RepositoryModels.swift */ = {
			isa = PBXFileReference;
			lastKnownFileType = sourcecode.swift;
			path = RepositoryModels.swift;
			sourceTree = "<group>";
		};
		4A7075AC7BE44315B1CA4B06 /* AuthService.swift */ = {
			isa = PBXFileReference;
			lastKnownFileType = sourcecode.swift;
			path = AuthService.swift;
			sourceTree = "<group>";
		};
		52B58DE349214E36A27FDBD4 /* PlansService.swift */ = {
			isa = PBXFileReference;
			lastKnownFileType = sourcecode.swift;
			path = PlansService.swift;
			sourceTree = "<group>";
		};
		530A3844A91F4181B886D66A /* TerminalService.swift */ = {
			isa = PBXFileReference;
			lastKnownFileType = sourcecode.swift;
			path = TerminalService.swift;
			sourceTree = "<group>";
		};
		54AF6EF891104087A698DD28 /* PlanModels.swift */ = {
			isa = PBXFileReference;
			lastKnownFileType = sourcecode.swift;
			path = PlanModels.swift;
			sourceTree = "<group>";
		};
		62AFCB583B01490991396582 /* ErrorTypes.swift */ = {
			isa = PBXFileReference;
			lastKnownFileType = sourcecode.swift;
			path = ErrorTypes.swift;
			sourceTree = "<group>";
		};
		6BBB6BD3E14F435199D86620 /* DashboardModels.swift */ = {
			isa = PBXFileReference;
			lastKnownFileType = sourcecode.swift;
			path = DashboardModels.swift;
			sourceTree = "<group>";
		};
		6DD2739DD2E6462598DF58F6 /* AuthView.swift */ = {
			isa = PBXFileReference;
			lastKnownFileType = sourcecode.swift;
			path = AuthView.swift;
			sourceTree = "<group>";
		};
		6E31FD12627142198CC95D6C /* TasksView.swift */ = {
			isa = PBXFileReference;
			lastKnownFileType = sourcecode.swift;
			path = TasksView.swift;
			sourceTree = "<group>";
		};
		6EE5C8B2B4E348CE94F95EA0 /* AgentrixMobile.app */ = {
			isa = PBXFileReference;
			explicitFileType = wrapper.application;
			includeInIndex = 0;
			path = AgentrixMobile.app;
			sourceTree = BUILT_PRODUCTS_DIR;
		};
		70BD2CE761B44BD0B594640C /* AppSettings.swift */ = {
			isa = PBXFileReference;
			lastKnownFileType = sourcecode.swift;
			path = AppSettings.swift;
			sourceTree = "<group>";
		};
		73403F03071342DE8B7F727E /* PortsService.swift */ = {
			isa = PBXFileReference;
			lastKnownFileType = sourcecode.swift;
			path = PortsService.swift;
			sourceTree = "<group>";
		};
		78382F38837E40D591D38A02 /* AppCoordinator.swift */ = {
			isa = PBXFileReference;
			lastKnownFileType = sourcecode.swift;
			path = AppCoordinator.swift;
			sourceTree = "<group>";
		};
		8482A2ADBBC24D16BE5D1930 /* RepositoriesView.swift */ = {
			isa = PBXFileReference;
			lastKnownFileType = sourcecode.swift;
			path = RepositoriesView.swift;
			sourceTree = "<group>";
		};
		86441AFE05414D43802EF5C4 /* RepositoriesViewModel.swift */ = {
			isa = PBXFileReference;
			lastKnownFileType = sourcecode.swift;
			path = RepositoriesViewModel.swift;
			sourceTree = "<group>";
		};
		96253B8255954FB8B8461D59 /* RepoDashboardView.swift */ = {
			isa = PBXFileReference;
			lastKnownFileType = sourcecode.swift;
			path = RepoDashboardView.swift;
			sourceTree = "<group>";
		};
		96D5F1752D814B789CC5D9F1 /* AgentrixMobileUITests.xctest */ = {
			isa = PBXFileReference;
			explicitFileType = wrapper.cfbundle;
			includeInIndex = 0;
			path = AgentrixMobileUITests.xctest;
			sourceTree = BUILT_PRODUCTS_DIR;
		};
		A45F018AD786460784B83E87 /* TaskModels.swift */ = {
			isa = PBXFileReference;
			lastKnownFileType = sourcecode.swift;
			path = TaskModels.swift;
			sourceTree = "<group>";
		};
		AF791275C8D44ACF9BD967F2 /* AgentrixApp.swift */ = {
			isa = PBXFileReference;
			lastKnownFileType = sourcecode.swift;
			path = AgentrixApp.swift;
			sourceTree = "<group>";
		};
		B7489BEB5E754AF2837402A5 /* WorktreeDetailView.swift */ = {
			isa = PBXFileReference;
			lastKnownFileType = sourcecode.swift;
			path = WorktreeDetailView.swift;
			sourceTree = "<group>";
		};
		B7C06CAD3D5946E185FB744D /* TasksService.swift */ = {
			isa = PBXFileReference;
			lastKnownFileType = sourcecode.swift;
			path = TasksService.swift;
			sourceTree = "<group>";
		};
		B7F771DD0C3049E99A574176 /* GitStatusView.swift */ = {
			isa = PBXFileReference;
			lastKnownFileType = sourcecode.swift;
			path = GitStatusView.swift;
			sourceTree = "<group>";
		};
		C14681E5CA964955948713BB /* AgentrixMobileTests.swift */ = {
			isa = PBXFileReference;
			lastKnownFileType = sourcecode.swift;
			path = AgentrixMobileTests.swift;
			sourceTree = "<group>";
		};
		CAAA7B82B82D4BD28E030D17 /* Info.plist */ = {
			isa = PBXFileReference;
			lastKnownFileType = text.plist.xml;
			path = Info.plist;
			sourceTree = "<group>";
		};
		CF33F33D6313415CA45ED046 /* AgentrixMobileUITests.swift */ = {
			isa = PBXFileReference;
			lastKnownFileType = sourcecode.swift;
			path = AgentrixMobileUITests.swift;
			sourceTree = "<group>";
		};
		D5F6CDDB4FD941C4A7CEE8E7 /* PortsView.swift */ = {
			isa = PBXFileReference;
			lastKnownFileType = sourcecode.swift;
			path = PortsView.swift;
			sourceTree = "<group>";
		};
		D77D30A55CF64F94B67E09C4 /* WorktreeViewModel.swift */ = {
			isa = PBXFileReference;
			lastKnownFileType = sourcecode.swift;
			path = WorktreeViewModel.swift;
			sourceTree = "<group>";
		};
		E8D4DA132607483B82A75F33 /* AgentrixMobileTests.xctest */ = {
			isa = PBXFileReference;
			explicitFileType = wrapper.cfbundle;
			includeInIndex = 0;
			path = AgentrixMobileTests.xctest;
			sourceTree = BUILT_PRODUCTS_DIR;
		};
		FEDA99F029504BCAB4ADF39B /* DashboardService.swift */ = {
			isa = PBXFileReference;
			lastKnownFileType = sourcecode.swift;
			path = DashboardService.swift;
			sourceTree = "<group>";
		};
/* End PBXFileReference section */

/* Begin PBXFrameworksBuildPhase section */
		6ECCC7C4A9C6408CB202C8FA = {
			isa = PBXFrameworksBuildPhase;
			buildActionMask = 2147483647;
			files = ();
			runOnlyForDeploymentPostprocessing = 0;
		};
		78BE56E33608480CA8D89951 = {
			isa = PBXFrameworksBuildPhase;
			buildActionMask = 2147483647;
			files = ();
			runOnlyForDeploymentPostprocessing = 0;
		};
		B2534A7642604983A2E15F74 = {
			isa = PBXFrameworksBuildPhase;
			buildActionMask = 2147483647;
			files = ();
			runOnlyForDeploymentPostprocessing = 0;
		};
/* End PBXFrameworksBuildPhase section */

/* Begin PBXGroup section */
		00BD79D127C84CA4B09A1364 /* AgentrixMobileUITests */ = {
			isa = PBXGroup;
			children = (
			CF33F33D6313415CA45ED046 /* AgentrixMobileUITests.swift */,
		);
			sourceTree = "<group>";
			path = AgentrixMobileUITests;
		};
		0AF1945A928C459A8985F1DD /* Repositories */ = {
			isa = PBXGroup;
			children = (
			8482A2ADBBC24D16BE5D1930 /* RepositoriesView.swift */,
			86441AFE05414D43802EF5C4 /* RepositoriesViewModel.swift */,
		);
			sourceTree = "<group>";
			path = Repositories;
		};
		19C8596844414C4BB5DCE6C8 /* Auth */ = {
			isa = PBXGroup;
			children = (
			6DD2739DD2E6462598DF58F6 /* AuthView.swift */,
			3246D038942B4BFC859263CB /* AuthViewModel.swift */,
		);
			sourceTree = "<group>";
			path = Auth;
		};
		3DA30CE9A80F4A998CD23546 /* Services */ = {
			isa = PBXGroup;
			children = (
			3B3E7EFA37E64E7491CA8AE3 /* AgentrixAPIClient.swift */,
			4A7075AC7BE44315B1CA4B06 /* AuthService.swift */,
			FEDA99F029504BCAB4ADF39B /* DashboardService.swift */,
			3831CBF2241A410D8F96CEF7 /* EventStreamService.swift */,
			1D6F876D8CD84A47A9BB2F38 /* GitService.swift */,
			52B58DE349214E36A27FDBD4 /* PlansService.swift */,
			73403F03071342DE8B7F727E /* PortsService.swift */,
			1B6587445EE44CCE86A398F6 /* RepositoriesService.swift */,
			B7C06CAD3D5946E185FB744D /* TasksService.swift */,
			530A3844A91F4181B886D66A /* TerminalService.swift */,
			1318745A7CE040E3A18886DE /* WorktreesService.swift */,
		);
			sourceTree = "<group>";
			path = Services;
		};
		431C13CBF9CC4FFA9E2B19F6 /* Dashboard */ = {
			isa = PBXGroup;
			children = (
			96253B8255954FB8B8461D59 /* RepoDashboardView.swift */,
		);
			sourceTree = "<group>";
			path = Dashboard;
		};
		575E7E4A7CE94CF69B9848C0 /* App */ = {
			isa = PBXGroup;
			children = (
			AF791275C8D44ACF9BD967F2 /* AgentrixApp.swift */,
			78382F38837E40D591D38A02 /* AppCoordinator.swift */,
			70BD2CE761B44BD0B594640C /* AppSettings.swift */,
		);
			sourceTree = "<group>";
			path = App;
		};
		597C09C207924DEBA19C9D50 /* Terminal */ = {
			isa = PBXGroup;
			children = (
			19DCAE74256B4032B637318C /* TerminalView.swift */,
			1B11EECE49BF41209234CFB6 /* TerminalViewModel.swift */,
		);
			sourceTree = "<group>";
			path = Terminal;
		};
		5F503E9745AA44F08F333936 /* Utilities */ = {
			isa = PBXGroup;
			children = (
			46E5FC43D6804B4592181472 /* EnvironmentConfig.swift */,
			62AFCB583B01490991396582 /* ErrorTypes.swift */,
			42D8CB9A981F4CDDAF7F2E18 /* MarkdownRenderer.swift */,
		);
			sourceTree = "<group>";
			path = Utilities;
		};
		63387E63AC2F4225BBB2D48A /* Ports */ = {
			isa = PBXGroup;
			children = (
			D5F6CDDB4FD941C4A7CEE8E7 /* PortsView.swift */,
		);
			sourceTree = "<group>";
			path = Ports;
		};
		7425577F1C3E488EADE3C9CD /* Worktrees */ = {
			isa = PBXGroup;
			children = (
			B7489BEB5E754AF2837402A5 /* WorktreeDetailView.swift */,
			D77D30A55CF64F94B67E09C4 /* WorktreeViewModel.swift */,
		);
			sourceTree = "<group>";
			path = Worktrees;
		};
		926FEE25880349DFB119E08C /* Plans */ = {
			isa = PBXGroup;
			children = (
			0DEAEFA6AC5F431DBB9BEFAF /* PlansView.swift */,
		);
			sourceTree = "<group>";
			path = Plans;
		};
		92810E9E09B54A50B51897AD /* Products */ = {
			isa = PBXGroup;
			children = (
			6EE5C8B2B4E348CE94F95EA0 /* AgentrixMobile.app */,
			E8D4DA132607483B82A75F33 /* AgentrixMobileTests.xctest */,
			96D5F1752D814B789CC5D9F1 /* AgentrixMobileUITests.xctest */,
		);
			sourceTree = "<group>";
			name = Products;
		};
		A4A2BE884821412E8B29A2F2 /* Tasks */ = {
			isa = PBXGroup;
			children = (
			6E31FD12627142198CC95D6C /* TasksView.swift */,
		);
			sourceTree = "<group>";
			path = Tasks;
		};
		C9D62C81DBFB4D3B92167C50 /* Resources */ = {
			isa = PBXGroup;
			children = (
			35ECBD6C0A95431AA56A7821 /* Assets.xcassets */,
		);
			sourceTree = "<group>";
			path = Resources;
		};
		D3389BBEAABF4C0EB9A66AB2 /* GitStatus */ = {
			isa = PBXGroup;
			children = (
			B7F771DD0C3049E99A574176 /* GitStatusView.swift */,
		);
			sourceTree = "<group>";
			path = GitStatus;
		};
		DC326B4DB1CC44A790FB3AFF /* Models */ = {
			isa = PBXGroup;
			children = (
			6BBB6BD3E14F435199D86620 /* DashboardModels.swift */,
			0E032D7B113E43278924DCC0 /* GitModels.swift */,
			54AF6EF891104087A698DD28 /* PlanModels.swift */,
			3DC689D0DB834509B6368559 /* PortsModels.swift */,
			492AB077D16E4DB688058114 /* RepositoryModels.swift */,
			A45F018AD786460784B83E87 /* TaskModels.swift */,
			25AFC5973F4B45189C92CB83 /* TerminalModels.swift */,
		);
			sourceTree = "<group>";
			path = Models;
		};
		DF26FB47D28545C0B0E22468 /* AgentrixMobile */ = {
			isa = PBXGroup;
			children = (
			3DA30CE9A80F4A998CD23546 /* Services */,
			575E7E4A7CE94CF69B9848C0 /* App */,
			5F503E9745AA44F08F333936 /* Utilities */,
			C9D62C81DBFB4D3B92167C50 /* Resources */,
			DC326B4DB1CC44A790FB3AFF /* Models */,
			DFB7ADD4EEBC459EB9F211BD /* Features */,
			CAAA7B82B82D4BD28E030D17 /* Info.plist */,
		);
			sourceTree = "<group>";
			path = AgentrixMobile;
		};
		DFB7ADD4EEBC459EB9F211BD /* Features */ = {
			isa = PBXGroup;
			children = (
			0AF1945A928C459A8985F1DD /* Repositories */,
			19C8596844414C4BB5DCE6C8 /* Auth */,
			431C13CBF9CC4FFA9E2B19F6 /* Dashboard */,
			597C09C207924DEBA19C9D50 /* Terminal */,
			63387E63AC2F4225BBB2D48A /* Ports */,
			7425577F1C3E488EADE3C9CD /* Worktrees */,
			926FEE25880349DFB119E08C /* Plans */,
			A4A2BE884821412E8B29A2F2 /* Tasks */,
			D3389BBEAABF4C0EB9A66AB2 /* GitStatus */,
		);
			sourceTree = "<group>";
			path = Features;
		};
		F0AFF50999264282BCA151F7 /* AgentrixMobileTests */ = {
			isa = PBXGroup;
			children = (
			C14681E5CA964955948713BB /* AgentrixMobileTests.swift */,
		);
			sourceTree = "<group>";
			path = AgentrixMobileTests;
		};
		F1BD73C2886E40D98F19D726 = {
			isa = PBXGroup;
			children = (
			DF26FB47D28545C0B0E22468 /* AgentrixMobile */,
			F0AFF50999264282BCA151F7 /* AgentrixMobileTests */,
			00BD79D127C84CA4B09A1364 /* AgentrixMobileUITests */,
			92810E9E09B54A50B51897AD /* Products */,
		);
			sourceTree = "<group>";
		};
/* End PBXGroup section */

/* Begin PBXNativeTarget section */
		4775ACA3F0AA4F17B9E68D05 = {
			isa = PBXNativeTarget;
			buildConfigurationList = 1589B23A57FB476395525AC7;
			buildPhases = (
			8C80E90556F54ABA957E61FC,
			78BE56E33608480CA8D89951,
			891BB67268AB4560868B0835,
		);
			buildRules = ();
			dependencies = (
			ABC1E94D9ACC44748D77D59E,
		);
			name = AgentrixMobileTests;
			productName = AgentrixMobileTests;
			productReference = E8D4DA132607483B82A75F33 /* AgentrixMobileTests.xctest */;
			productType = com.apple.product-type.bundle.unit-test;
		};
		D48BC5F754B14CD8970B786A = {
			isa = PBXNativeTarget;
			buildConfigurationList = 30CB5EE153FF429BA899C26B;
			buildPhases = (
			721F6C282E424BD5AE317AA9,
			6ECCC7C4A9C6408CB202C8FA,
			5E82C1ABDCF6470E82BF1D56,
		);
			buildRules = ();
			dependencies = ();
			name = AgentrixMobile;
			productName = AgentrixMobile;
			productReference = 6EE5C8B2B4E348CE94F95EA0 /* AgentrixMobile.app */;
			productType = com.apple.product-type.application;
		};
		F6EFAAE9C17648D1BE5785E1 = {
			isa = PBXNativeTarget;
			buildConfigurationList = 297056DC6D374E6997C0E44A;
			buildPhases = (
			04CA48900A3940A5A04B73AC,
			B2534A7642604983A2E15F74,
			7291F13EB6234EFB89849C7F,
		);
			buildRules = ();
			dependencies = (
			1C7489EEB397424B93A8A7C4,
		);
			name = AgentrixMobileUITests;
			productName = AgentrixMobileUITests;
			productReference = 96D5F1752D814B789CC5D9F1 /* AgentrixMobileUITests.xctest */;
			productType = com.apple.product-type.bundle.ui-testing;
		};
/* End PBXNativeTarget section */

/* Begin PBXProject section */
		8311A56504A041C08D290B7C /* Project object */ = {
			isa = PBXProject;
			attributes = {
		LastSwiftUpdateCheck = 1540;
		LastUpgradeCheck = 1540;
		TargetAttributes = {
		D48BC5F754B14CD8970B786A = {
		CreatedOnToolsVersion = 15.4;
	};
		4775ACA3F0AA4F17B9E68D05 = {
		CreatedOnToolsVersion = 15.4;
	};
		F6EFAAE9C17648D1BE5785E1 = {
		CreatedOnToolsVersion = 15.4;
	};
	};
	};
			buildConfigurationList = DAF71A3432A345A489202B4D;
			compatibilityVersion = "Xcode 15.0";
			developmentRegion = en;
			hasScannedForEncodings = 0;
			knownRegions = (
			en,
			Base,
		);
			mainGroup = F1BD73C2886E40D98F19D726;
			productRefGroup = 92810E9E09B54A50B51897AD /* Products */;
			projectDirPath = "";
			projectRoot = "";
			targets = (
			D48BC5F754B14CD8970B786A,
			4775ACA3F0AA4F17B9E68D05,
			F6EFAAE9C17648D1BE5785E1,
		);
		};
/* End PBXProject section */

/* Begin PBXResourcesBuildPhase section */
		5E82C1ABDCF6470E82BF1D56 = {
			isa = PBXResourcesBuildPhase;
			buildActionMask = 2147483647;
			files = (
			321B682AF8D64027851A1CA5 /* Assets.xcassets in Resources */,
		);
			runOnlyForDeploymentPostprocessing = 0;
		};
		7291F13EB6234EFB89849C7F = {
			isa = PBXResourcesBuildPhase;
			buildActionMask = 2147483647;
			files = ();
			runOnlyForDeploymentPostprocessing = 0;
		};
		891BB67268AB4560868B0835 = {
			isa = PBXResourcesBuildPhase;
			buildActionMask = 2147483647;
			files = ();
			runOnlyForDeploymentPostprocessing = 0;
		};
/* End PBXResourcesBuildPhase section */

/* Begin PBXSourcesBuildPhase section */
		04CA48900A3940A5A04B73AC = {
			isa = PBXSourcesBuildPhase;
			buildActionMask = 2147483647;
			files = (
			FBEF21AC9852489993755A6C /* AgentrixMobileUITests.swift in Sources */,
		);
			runOnlyForDeploymentPostprocessing = 0;
		};
		721F6C282E424BD5AE317AA9 = {
			isa = PBXSourcesBuildPhase;
			buildActionMask = 2147483647;
			files = (
			2CA97C0F6CD046469C3EB282 /* AgentrixApp.swift in Sources */,
			DD1415CFBA974B7DB289F046 /* AppCoordinator.swift in Sources */,
			64A82C19A49A49D98D6E9ED3 /* AppSettings.swift in Sources */,
			4953E6AEE0DC45F6B21D40D7 /* AuthView.swift in Sources */,
			FE2C0E14D75447F6A4F7FD9D /* AuthViewModel.swift in Sources */,
			7A0132F58C144C1BBE16E1E4 /* RepoDashboardView.swift in Sources */,
			9626A4A95AEC4E78BC0817AD /* GitStatusView.swift in Sources */,
			D67637079B844659AF2BB0C0 /* PlansView.swift in Sources */,
			8A64044875E244DBA93F56D6 /* PortsView.swift in Sources */,
			3347E42891204E69A0994A0E /* RepositoriesView.swift in Sources */,
			4752F2A592944CEE943E4F1A /* RepositoriesViewModel.swift in Sources */,
			86C9A0169A1F47D7A9D9D81B /* TasksView.swift in Sources */,
			74F4C51C546B47D68DBBBEC0 /* TerminalView.swift in Sources */,
			0543D60F6CD845828BD989A3 /* TerminalViewModel.swift in Sources */,
			FD11D7D0290846FFBEDADD60 /* WorktreeDetailView.swift in Sources */,
			A3DD6894A7F04EE9BA6E0448 /* WorktreeViewModel.swift in Sources */,
			580610920E8F4A599C171A2F /* DashboardModels.swift in Sources */,
			0D6B0F61368D4446ABA7A474 /* GitModels.swift in Sources */,
			3428B9FEF55C4958B46BA1D6 /* PlanModels.swift in Sources */,
			6EE93078E6DB47439B80DB01 /* PortsModels.swift in Sources */,
			CFD53956608047BA8CE1BB9F /* RepositoryModels.swift in Sources */,
			4BEB917287124AE2A80B92FD /* TaskModels.swift in Sources */,
			AAECB3F416E94050A807356B /* TerminalModels.swift in Sources */,
			CB590651EF06452680CC0242 /* AgentrixAPIClient.swift in Sources */,
			2357C205963B4D66BF2542A3 /* AuthService.swift in Sources */,
			A18AECCF13684E6D8034247E /* DashboardService.swift in Sources */,
			6155C141CD8C4B838EE1B044 /* EventStreamService.swift in Sources */,
			5DA73DE80092435E8432579C /* GitService.swift in Sources */,
			1128364B746645739F1E01F5 /* PlansService.swift in Sources */,
			BB39580AF26A4E64B844EEE2 /* PortsService.swift in Sources */,
			68A4F4A0D6334164A7BADE0B /* RepositoriesService.swift in Sources */,
			8CD2E29D47DE442C9EDE6CB5 /* TasksService.swift in Sources */,
			AE6340CFE3014AA0A5BE8156 /* TerminalService.swift in Sources */,
			C9A2688B25794FF2904EACB7 /* WorktreesService.swift in Sources */,
			EF4D70F1E88E413AABABB092 /* EnvironmentConfig.swift in Sources */,
			35B3C433A83E467A9A8898B1 /* ErrorTypes.swift in Sources */,
			A791C9F0D4FA4F7586D20CEC /* MarkdownRenderer.swift in Sources */,
		);
			runOnlyForDeploymentPostprocessing = 0;
		};
		8C80E90556F54ABA957E61FC = {
			isa = PBXSourcesBuildPhase;
			buildActionMask = 2147483647;
			files = (
			A2BA7A2454294D629FB86BE8 /* AgentrixMobileTests.swift in Sources */,
		);
			runOnlyForDeploymentPostprocessing = 0;
		};
/* End PBXSourcesBuildPhase section */

/* Begin PBXTargetDependency section */
		1C7489EEB397424B93A8A7C4 = {
			isa = PBXTargetDependency;
			target = D48BC5F754B14CD8970B786A;
			targetProxy = 3D10D2EC87634D0188DEBCB4;
		};
		ABC1E94D9ACC44748D77D59E = {
			isa = PBXTargetDependency;
			target = D48BC5F754B14CD8970B786A;
			targetProxy = 3CA40857781D4221893B22DA;
		};
/* End PBXTargetDependency section */

/* Begin XCBuildConfiguration section */
		00AA1AA3FF1E40B7A7B650A2 = {
			isa = XCBuildConfiguration;
			buildSettings = {
		CODE_SIGN_STYLE = Automatic;
		DEVELOPMENT_TEAM = "";
		GENERATE_INFOPLIST_FILE = YES;
		IPHONEOS_DEPLOYMENT_TARGET = 17.0;
		LD_RUNPATH_SEARCH_PATHS = (
			"$(inherited)",
			"@executable_path/Frameworks",
			"@loader_path/Frameworks",
		);
		PRODUCT_BUNDLE_IDENTIFIER = com.agentrix.mobileTests;
		SWIFT_VERSION = 5.9;
	};
			name = Debug;
		};
		2C35EB5B1AE440C797EBBDD2 = {
			isa = XCBuildConfiguration;
			buildSettings = {
		DEVELOPMENT_TEAM = "";
		SWIFT_VERSION = 5.9;
	};
			name = Debug;
		};
		3F143AA580A84DD3BC73DAF2 = {
			isa = XCBuildConfiguration;
			buildSettings = {
		CODE_SIGN_STYLE = Automatic;
		DEVELOPMENT_TEAM = "";
		GENERATE_INFOPLIST_FILE = YES;
		IPHONEOS_DEPLOYMENT_TARGET = 17.0;
		LD_RUNPATH_SEARCH_PATHS = (
			"$(inherited)",
			"@executable_path/Frameworks",
			"@loader_path/Frameworks",
		);
		PRODUCT_BUNDLE_IDENTIFIER = com.agentrix.mobileUITests;
		SWIFT_VERSION = 5.9;
	};
			name = Debug;
		};
		5C1632FFFF9F478689947381 = {
			isa = XCBuildConfiguration;
			buildSettings = {
		DEVELOPMENT_TEAM = "";
		SWIFT_VERSION = 5.9;
	};
			name = Release;
		};
		6F186A60524841D88295A49D = {
			isa = XCBuildConfiguration;
			buildSettings = {
		ASSETCATALOG_COMPILER_APPICON_NAME = AppIcon;
		CODE_SIGN_STYLE = Automatic;
		CURRENT_PROJECT_VERSION = 1;
		DEVELOPMENT_TEAM = "";
		INFOPLIST_FILE = AgentrixMobile/Info.plist;
		IPHONEOS_DEPLOYMENT_TARGET = 17.0;
		LD_RUNPATH_SEARCH_PATHS = (
			"$(inherited)",
			"@executable_path/Frameworks",
		);
		MARKETING_VERSION = 1.0;
		PRODUCT_BUNDLE_IDENTIFIER = com.agentrix.mobile;
		PRODUCT_NAME = "$(TARGET_NAME)";
		SWIFT_EMIT_LOC_STRINGS = YES;
		SWIFT_VERSION = 5.9;
		TARGETED_DEVICE_FAMILY = "1,2";
	};
			name = Debug;
		};
		A8D36F36FD5249B7AEF2CB89 = {
			isa = XCBuildConfiguration;
			buildSettings = {
		ASSETCATALOG_COMPILER_APPICON_NAME = AppIcon;
		CODE_SIGN_STYLE = Automatic;
		CURRENT_PROJECT_VERSION = 1;
		DEVELOPMENT_TEAM = "";
		INFOPLIST_FILE = AgentrixMobile/Info.plist;
		IPHONEOS_DEPLOYMENT_TARGET = 17.0;
		LD_RUNPATH_SEARCH_PATHS = (
			"$(inherited)",
			"@executable_path/Frameworks",
		);
		MARKETING_VERSION = 1.0;
		PRODUCT_BUNDLE_IDENTIFIER = com.agentrix.mobile;
		PRODUCT_NAME = "$(TARGET_NAME)";
		SWIFT_EMIT_LOC_STRINGS = YES;
		SWIFT_VERSION = 5.9;
		TARGETED_DEVICE_FAMILY = "1,2";
	};
			name = Release;
		};
		C46A9D67B2B14BB0ABAF84EB = {
			isa = XCBuildConfiguration;
			buildSettings = {
		CODE_SIGN_STYLE = Automatic;
		DEVELOPMENT_TEAM = "";
		GENERATE_INFOPLIST_FILE = YES;
		IPHONEOS_DEPLOYMENT_TARGET = 17.0;
		LD_RUNPATH_SEARCH_PATHS = (
			"$(inherited)",
			"@executable_path/Frameworks",
			"@loader_path/Frameworks",
		);
		PRODUCT_BUNDLE_IDENTIFIER = com.agentrix.mobileTests;
		SWIFT_VERSION = 5.9;
	};
			name = Release;
		};
		FD8550D927354716A6F6D3FE = {
			isa = XCBuildConfiguration;
			buildSettings = {
		CODE_SIGN_STYLE = Automatic;
		DEVELOPMENT_TEAM = "";
		GENERATE_INFOPLIST_FILE = YES;
		IPHONEOS_DEPLOYMENT_TARGET = 17.0;
		LD_RUNPATH_SEARCH_PATHS = (
			"$(inherited)",
			"@executable_path/Frameworks",
			"@loader_path/Frameworks",
		);
		PRODUCT_BUNDLE_IDENTIFIER = com.agentrix.mobileUITests;
		SWIFT_VERSION = 5.9;
	};
			name = Release;
		};
/* End XCBuildConfiguration section */

/* Begin XCConfigurationList section */
		1589B23A57FB476395525AC7 = {
			isa = XCConfigurationList;
			buildConfigurations = (
			00AA1AA3FF1E40B7A7B650A2,
			C46A9D67B2B14BB0ABAF84EB,
		);
			defaultConfigurationIsVisible = 0;
			defaultConfigurationName = Release;
		};
		297056DC6D374E6997C0E44A = {
			isa = XCConfigurationList;
			buildConfigurations = (
			3F143AA580A84DD3BC73DAF2,
			FD8550D927354716A6F6D3FE,
		);
			defaultConfigurationIsVisible = 0;
			defaultConfigurationName = Release;
		};
		30CB5EE153FF429BA899C26B = {
			isa = XCConfigurationList;
			buildConfigurations = (
			6F186A60524841D88295A49D,
			A8D36F36FD5249B7AEF2CB89,
		);
			defaultConfigurationIsVisible = 0;
			defaultConfigurationName = Release;
		};
		DAF71A3432A345A489202B4D = {
			isa = XCConfigurationList;
			buildConfigurations = (
			2C35EB5B1AE440C797EBBDD2,
			5C1632FFFF9F478689947381,
		);
			defaultConfigurationIsVisible = 0;
			defaultConfigurationName = Release;
		};
/* End XCConfigurationList section */
	};
	rootObject = 8311A56504A041C08D290B7C /* Project object */;
}